
Microsoft Visual Studio Solution File, Format Version 12.00
# Visual Studio 14
VisualStudioVersion = 14.0.24720.0
MinimumVisualStudioVersion = 10.0.40219.1
Project("{8BC9CEB8-8B4A-11D0-8D11-00A0C91BC942}") = "G1", "G1\G1.vcxproj", "{B6E88769-96C8-4104-AFCE-4A70DCAF335B}"
EndProject
Project("{8BC9CEB8-8B4A-11D0-8D11-00A0C91BC942}") = "G2", "G2\G2.vcxproj", "{AC6A9840-7FB7-474A-98B4-C4D1D4FF9F4B}"
EndProject
Project("{8BC9CEB8-8B4A-11D0-8D11-00A0C91BC942}") = "L1", "L1\L1.vcxproj", "{7EAD1D40-FCEF-40DC-8300-9C629D0035BF}"
EndProject
Project("{8BC9CEB8-8B4A-11D0-8D11-00A0C91BC942}") = "L2", "L2\L2.vcxproj", "{3207B8FB-9E51-4AA1-B086-2A40396B584E}"
EndProject
Project("{8BC9CEB8-8B4A-11D0-8D11-00A0C91BC942}") = "L3", "L3\L3.vcxproj", "{F9ACBEFC-AAC3-4804-8FA2-E31B668887AE}"
EndProject
Project("{8BC9CEB8-8B4A-11D0-8D11-00A0C91BC942}") = "L4", "L4\L4.vcxproj", "{69C62572-E1C5-428C-9CB6-7D13822E6190}"
EndProject
Project("{8BC9CEB8-8B4A-11D0-8D11-00A0C91BC942}") = "L5", "L5\L5.vcxproj", "{55499717-26F7-407B-96E4-EDEA2BCBCACE}"
EndProject
Project("{8BC9CEB8-8B4A-11D0-8D11-00A0C91BC942}") = "R1", "R1\R1.vcxproj", "{F612DAA9-93DD-43D3-865A-23A37FB52263}"
EndProject
Project("{8BC9CEB8-8B4A-11D0-8D11-00A0C91BC942}") = "L6", "L6\L6.vcxproj", "{6BBBAA03-C3CF-4A76-B6A6-97EEC2FB2534}"
EndProject
Project("{8BC9CEB8-8B4A-11D0-8D11-00A0C91BC942}") = "L7", "L7\L7.vcxproj", "{6845867F-B556-4CC0-8A22-E8963F0833AE}"
EndProject
Project("{8BC9CEB8-8B4A-11D0-8D11-00A0C91BC942}") = "L8", "L8\L8.vcxproj", "{CB6C77C3-AB6B-4ABB-81E3-81B3B026FCBB}"
EndProject
Project("{8BC9CEB8-8B4A-11D0-8D11-00A0C91BC942}") = "S1", "S1\S1.vcxproj", "{2DC9420C-FFAC-4E09-8444-40BF9C217563}"
EndProject
Project("{8BC9CEB8-8B4A-11D0-8D11-00A0C91BC942}") = "A1", "A1\A1.vcxproj", "{EE15DFD8-B3CC-459D-9199-2AF20CAC6E27}"
EndProject
Project("{8BC9CEB8-8B4A-11D0-8D11-00A0C91BC942}") = "F1", "F1\F1.vcxproj", "{B7387211-472C-4643-9230-11F741B1D4F6}"
EndProject
Project("{8BC9CEB8-8B4A-11D0-8D11-00A0C91BC942}") = "F2", "F2\F2.vcxproj", "{E813F6E1-3A9C-4BA7-A827-3094920353A5}"
EndProject
Project("{8BC9CEB8-8B4A-11D0-8D11-00A0C91BC942}") = "Y1", "Y1\Y1.vcxproj", "{10957A2A-159C-4DF7-89A0-27F0DEA389D3}"
EndProject
Project("{8BC9CEB8-8B4A-11D0-8D11-00A0C91BC942}") = "N1", "N1\N1.vcxproj", "{80A2B9F9-6FC9-47E0-B058-1B2E0147F52D}"
EndProject
Project("{8BC9CEB8-8B4A-11D0-8D11-00A0C91BC942}") = "N2", "N2\N2.vcxproj", "{62011618-5A60-4AD9-B88A-C59F4667107C}"
EndProject
Project("{8BC9CEB8-8B4A-11D0-8D11-00A0C91BC942}") = "T1", "T1\T1.vcxproj", "{2F3E4668-EE1D-4421-A85B-C66427C52FFF}"
EndProject
Project("{8BC9CEB8-8B4A-11D0-8D11-00A0C91BC942}") = "PacMan", "PacMan\PacMan.vcxproj", "{E15151EC-445F-477E-BCF8-B65C1985018B}"
EndProject
Project("{8BC9CEB8-8B4A-11D0-8D11-00A0C91BC942}") = "D1", "D1\D1.vcxproj", "{BD5D6171-CE45-4EB6-AC3F-41BC6B4D0D5D}"
EndProject
Project("{8BC9CEB8-8B4A-11D0-8D11-00A0C91BC942}") = "D2", "D2\D2.vcxproj", "{69CB7F97-7A5C-4CFA-9AE6-90AF5218704B}"
EndProject
Project("{8BC9CEB8-8B4A-11D0-8D11-00A0C91BC942}") = "I1", "I1\I1.vcxproj", "{66D61F15-C15A-423C-A6EB-E933B7297F2A}"
EndProject
Project("{8BC9CEB8-8B4A-11D0-8D11-00A0C91BC942}") = "I2", "I2\I2.vcxproj", "{86FDAB7A-3D84-4A5A-BEB9-DE8AC9639F6D}"
EndProject
Project("{8BC9CEB8-8B4A-11D0-8D11-00A0C91BC942}") = "O1", "O1\O1.vcxproj", "{564D8E90-DD22-4DAA-B3CE-B87DA34AD126}"
EndProject
Project("{8BC9CEB8-8B4A-11D0-8D11-00A0C91BC942}") = "EcosystemSimulator", "EcosystemSimulator\EcosystemSimulator.vcxproj", "{55EE52C8-3B28-4F6E-A824-0C86F3529C23}"
EndProject
Global
	GlobalSection(SolutionConfigurationPlatforms) = preSolution
		Debug|x64 = Debug|x64
		Debug|x86 = Debug|x86
		Release|x64 = Release|x64
		Release|x86 = Release|x86
	EndGlobalSection
	GlobalSection(ProjectConfigurationPlatforms) = postSolution
		{B6E88769-96C8-4104-AFCE-4A70DCAF335B}.Debug|x64.ActiveCfg = Debug|x64
		{B6E88769-96C8-4104-AFCE-4A70DCAF335B}.Debug|x64.Build.0 = Debug|x64
		{B6E88769-96C8-4104-AFCE-4A70DCAF335B}.Debug|x86.ActiveCfg = Debug|Win32
		{B6E88769-96C8-4104-AFCE-4A70DCAF335B}.Debug|x86.Build.0 = Debug|Win32
		{B6E88769-96C8-4104-AFCE-4A70DCAF335B}.Release|x64.ActiveCfg = Release|x64
		{B6E88769-96C8-4104-AFCE-4A70DCAF335B}.Release|x64.Build.0 = Release|x64
		{B6E88769-96C8-4104-AFCE-4A70DCAF335B}.Release|x86.ActiveCfg = Release|Win32
		{B6E88769-96C8-4104-AFCE-4A70DCAF335B}.Release|x86.Build.0 = Release|Win32
		{AC6A9840-7FB7-474A-98B4-C4D1D4FF9F4B}.Debug|x64.ActiveCfg = Debug|x64
		{AC6A9840-7FB7-474A-98B4-C4D1D4FF9F4B}.Debug|x64.Build.0 = Debug|x64
		{AC6A9840-7FB7-474A-98B4-C4D1D4FF9F4B}.Debug|x86.ActiveCfg = Debug|Win32
		{AC6A9840-7FB7-474A-98B4-C4D1D4FF9F4B}.Debug|x86.Build.0 = Debug|Win32
		{AC6A9840-7FB7-474A-98B4-C4D1D4FF9F4B}.Release|x64.ActiveCfg = Release|x64
		{AC6A9840-7FB7-474A-98B4-C4D1D4FF9F4B}.Release|x64.Build.0 = Release|x64
		{AC6A9840-7FB7-474A-98B4-C4D1D4FF9F4B}.Release|x86.ActiveCfg = Release|Win32
		{AC6A9840-7FB7-474A-98B4-C4D1D4FF9F4B}.Release|x86.Build.0 = Release|Win32
		{7EAD1D40-FCEF-40DC-8300-9C629D0035BF}.Debug|x64.ActiveCfg = Debug|x64
		{7EAD1D40-FCEF-40DC-8300-9C629D0035BF}.Debug|x64.Build.0 = Debug|x64
		{7EAD1D40-FCEF-40DC-8300-9C629D0035BF}.Debug|x86.ActiveCfg = Debug|Win32
		{7EAD1D40-FCEF-40DC-8300-9C629D0035BF}.Debug|x86.Build.0 = Debug|Win32
		{7EAD1D40-FCEF-40DC-8300-9C629D0035BF}.Release|x64.ActiveCfg = Release|x64
		{7EAD1D40-FCEF-40DC-8300-9C629D0035BF}.Release|x64.Build.0 = Release|x64
		{7EAD1D40-FCEF-40DC-8300-9C629D0035BF}.Release|x86.ActiveCfg = Release|Win32
		{7EAD1D40-FCEF-40DC-8300-9C629D0035BF}.Release|x86.Build.0 = Release|Win32
		{3207B8FB-9E51-4AA1-B086-2A40396B584E}.Debug|x64.ActiveCfg = Debug|x64
		{3207B8FB-9E51-4AA1-B086-2A40396B584E}.Debug|x64.Build.0 = Debug|x64
		{3207B8FB-9E51-4AA1-B086-2A40396B584E}.Debug|x86.ActiveCfg = Debug|Win32
		{3207B8FB-9E51-4AA1-B086-2A40396B584E}.Debug|x86.Build.0 = Debug|Win32
		{3207B8FB-9E51-4AA1-B086-2A40396B584E}.Release|x64.ActiveCfg = Release|x64
		{3207B8FB-9E51-4AA1-B086-2A40396B584E}.Release|x64.Build.0 = Release|x64
		{3207B8FB-9E51-4AA1-B086-2A40396B584E}.Release|x86.ActiveCfg = Release|Win32
		{3207B8FB-9E51-4AA1-B086-2A40396B584E}.Release|x86.Build.0 = Release|Win32
		{F9ACBEFC-AAC3-4804-8FA2-E31B668887AE}.Debug|x64.ActiveCfg = Debug|x64
		{F9ACBEFC-AAC3-4804-8FA2-E31B668887AE}.Debug|x64.Build.0 = Debug|x64
		{F9ACBEFC-AAC3-4804-8FA2-E31B668887AE}.Debug|x86.ActiveCfg = Debug|Win32
		{F9ACBEFC-AAC3-4804-8FA2-E31B668887AE}.Debug|x86.Build.0 = Debug|Win32
		{F9ACBEFC-AAC3-4804-8FA2-E31B668887AE}.Release|x64.ActiveCfg = Release|x64
		{F9ACBEFC-AAC3-4804-8FA2-E31B668887AE}.Release|x64.Build.0 = Release|x64
		{F9ACBEFC-AAC3-4804-8FA2-E31B668887AE}.Release|x86.ActiveCfg = Release|Win32
		{F9ACBEFC-AAC3-4804-8FA2-E31B668887AE}.Release|x86.Build.0 = Release|Win32
		{69C62572-E1C5-428C-9CB6-7D13822E6190}.Debug|x64.ActiveCfg = Debug|x64
		{69C62572-E1C5-428C-9CB6-7D13822E6190}.Debug|x64.Build.0 = Debug|x64
		{69C62572-E1C5-428C-9CB6-7D13822E6190}.Debug|x86.ActiveCfg = Debug|Win32
		{69C62572-E1C5-428C-9CB6-7D13822E6190}.Debug|x86.Build.0 = Debug|Win32
		{69C62572-E1C5-428C-9CB6-7D13822E6190}.Release|x64.ActiveCfg = Release|x64
		{69C62572-E1C5-428C-9CB6-7D13822E6190}.Release|x64.Build.0 = Release|x64
		{69C62572-E1C5-428C-9CB6-7D13822E6190}.Release|x86.ActiveCfg = Release|Win32
		{69C62572-E1C5-428C-9CB6-7D13822E6190}.Release|x86.Build.0 = Release|Win32
		{55499717-26F7-407B-96E4-EDEA2BCBCACE}.Debug|x64.ActiveCfg = Debug|x64
		{55499717-26F7-407B-96E4-EDEA2BCBCACE}.Debug|x64.Build.0 = Debug|x64
		{55499717-26F7-407B-96E4-EDEA2BCBCACE}.Debug|x86.ActiveCfg = Debug|Win32
		{55499717-26F7-407B-96E4-EDEA2BCBCACE}.Debug|x86.Build.0 = Debug|Win32
		{55499717-26F7-407B-96E4-EDEA2BCBCACE}.Release|x64.ActiveCfg = Release|x64
		{55499717-26F7-407B-96E4-EDEA2BCBCACE}.Release|x64.Build.0 = Release|x64
		{55499717-26F7-407B-96E4-EDEA2BCBCACE}.Release|x86.ActiveCfg = Release|Win32
		{55499717-26F7-407B-96E4-EDEA2BCBCACE}.Release|x86.Build.0 = Release|Win32
		{F612DAA9-93DD-43D3-865A-23A37FB52263}.Debug|x64.ActiveCfg = Debug|x64
		{F612DAA9-93DD-43D3-865A-23A37FB52263}.Debug|x64.Build.0 = Debug|x64
		{F612DAA9-93DD-43D3-865A-23A37FB52263}.Debug|x86.ActiveCfg = Debug|Win32
		{F612DAA9-93DD-43D3-865A-23A37FB52263}.Debug|x86.Build.0 = Debug|Win32
		{F612DAA9-93DD-43D3-865A-23A37FB52263}.Release|x64.ActiveCfg = Release|x64
		{F612DAA9-93DD-43D3-865A-23A37FB52263}.Release|x64.Build.0 = Release|x64
		{F612DAA9-93DD-43D3-865A-23A37FB52263}.Release|x86.ActiveCfg = Release|Win32
		{F612DAA9-93DD-43D3-865A-23A37FB52263}.Release|x86.Build.0 = Release|Win32
		{6BBBAA03-C3CF-4A76-B6A6-97EEC2FB2534}.Debug|x64.ActiveCfg = Debug|x64
		{6BBBAA03-C3CF-4A76-B6A6-97EEC2FB2534}.Debug|x64.Build.0 = Debug|x64
		{6BBBAA03-C3CF-4A76-B6A6-97EEC2FB2534}.Debug|x86.ActiveCfg = Debug|Win32
		{6BBBAA03-C3CF-4A76-B6A6-97EEC2FB2534}.Debug|x86.Build.0 = Debug|Win32
		{6BBBAA03-C3CF-4A76-B6A6-97EEC2FB2534}.Release|x64.ActiveCfg = Release|x64
		{6BBBAA03-C3CF-4A76-B6A6-97EEC2FB2534}.Release|x64.Build.0 = Release|x64
		{6BBBAA03-C3CF-4A76-B6A6-97EEC2FB2534}.Release|x86.ActiveCfg = Release|Win32
		{6BBBAA03-C3CF-4A76-B6A6-97EEC2FB2534}.Release|x86.Build.0 = Release|Win32
		{6845867F-B556-4CC0-8A22-E8963F0833AE}.Debug|x64.ActiveCfg = Debug|x64
		{6845867F-B556-4CC0-8A22-E8963F0833AE}.Debug|x64.Build.0 = Debug|x64
		{6845867F-B556-4CC0-8A22-E8963F0833AE}.Debug|x86.ActiveCfg = Debug|Win32
		{6845867F-B556-4CC0-8A22-E8963F0833AE}.Debug|x86.Build.0 = Debug|Win32
		{6845867F-B556-4CC0-8A22-E8963F0833AE}.Release|x64.ActiveCfg = Release|x64
		{6845867F-B556-4CC0-8A22-E8963F0833AE}.Release|x64.Build.0 = Release|x64
		{6845867F-B556-4CC0-8A22-E8963F0833AE}.Release|x86.ActiveCfg = Release|Win32
		{6845867F-B556-4CC0-8A22-E8963F0833AE}.Release|x86.Build.0 = Release|Win32
		{CB6C77C3-AB6B-4ABB-81E3-81B3B026FCBB}.Debug|x64.ActiveCfg = Debug|x64
		{CB6C77C3-AB6B-4ABB-81E3-81B3B026FCBB}.Debug|x64.Build.0 = Debug|x64
		{CB6C77C3-AB6B-4ABB-81E3-81B3B026FCBB}.Debug|x86.ActiveCfg = Debug|Win32
		{CB6C77C3-AB6B-4ABB-81E3-81B3B026FCBB}.Debug|x86.Build.0 = Debug|Win32
		{CB6C77C3-AB6B-4ABB-81E3-81B3B026FCBB}.Release|x64.ActiveCfg = Release|x64
		{CB6C77C3-AB6B-4ABB-81E3-81B3B026FCBB}.Release|x64.Build.0 = Release|x64
		{CB6C77C3-AB6B-4ABB-81E3-81B3B026FCBB}.Release|x86.ActiveCfg = Release|Win32
		{CB6C77C3-AB6B-4ABB-81E3-81B3B026FCBB}.Release|x86.Build.0 = Release|Win32
		{2DC9420C-FFAC-4E09-8444-40BF9C217563}.Debug|x64.ActiveCfg = Debug|x64
		{2DC9420C-FFAC-4E09-8444-40BF9C217563}.Debug|x64.Build.0 = Debug|x64
		{2DC9420C-FFAC-4E09-8444-40BF9C217563}.Debug|x86.ActiveCfg = Debug|Win32
		{2DC9420C-FFAC-4E09-8444-40BF9C217563}.Debug|x86.Build.0 = Debug|Win32
		{2DC9420C-FFAC-4E09-8444-40BF9C217563}.Release|x64.ActiveCfg = Release|x64
		{2DC9420C-FFAC-4E09-8444-40BF9C217563}.Release|x64.Build.0 = Release|x64
		{2DC9420C-FFAC-4E09-8444-40BF9C217563}.Release|x86.ActiveCfg = Release|Win32
		{2DC9420C-FFAC-4E09-8444-40BF9C217563}.Release|x86.Build.0 = Release|Win32
		{EE15DFD8-B3CC-459D-9199-2AF20CAC6E27}.Debug|x64.ActiveCfg = Debug|x64
		{EE15DFD8-B3CC-459D-9199-2AF20CAC6E27}.Debug|x64.Build.0 = Debug|x64
		{EE15DFD8-B3CC-459D-9199-2AF20CAC6E27}.Debug|x86.ActiveCfg = Debug|Win32
		{EE15DFD8-B3CC-459D-9199-2AF20CAC6E27}.Debug|x86.Build.0 = Debug|Win32
		{EE15DFD8-B3CC-459D-9199-2AF20CAC6E27}.Release|x64.ActiveCfg = Release|x64
		{EE15DFD8-B3CC-459D-9199-2AF20CAC6E27}.Release|x64.Build.0 = Release|x64
		{EE15DFD8-B3CC-459D-9199-2AF20CAC6E27}.Release|x86.ActiveCfg = Release|Win32
		{EE15DFD8-B3CC-459D-9199-2AF20CAC6E27}.Release|x86.Build.0 = Release|Win32
		{B7387211-472C-4643-9230-11F741B1D4F6}.Debug|x64.ActiveCfg = Debug|x64
		{B7387211-472C-4643-9230-11F741B1D4F6}.Debug|x64.Build.0 = Debug|x64
		{B7387211-472C-4643-9230-11F741B1D4F6}.Debug|x86.ActiveCfg = Debug|Win32
		{B7387211-472C-4643-9230-11F741B1D4F6}.Debug|x86.Build.0 = Debug|Win32
		{B7387211-472C-4643-9230-11F741B1D4F6}.Release|x64.ActiveCfg = Release|x64
		{B7387211-472C-4643-9230-11F741B1D4F6}.Release|x64.Build.0 = Release|x64
		{B7387211-472C-4643-9230-11F741B1D4F6}.Release|x86.ActiveCfg = Release|Win32
		{B7387211-472C-4643-9230-11F741B1D4F6}.Release|x86.Build.0 = Release|Win32
		{E813F6E1-3A9C-4BA7-A827-3094920353A5}.Debug|x64.ActiveCfg = Debug|x64
		{E813F6E1-3A9C-4BA7-A827-3094920353A5}.Debug|x64.Build.0 = Debug|x64
		{E813F6E1-3A9C-4BA7-A827-3094920353A5}.Debug|x86.ActiveCfg = Debug|Win32
		{E813F6E1-3A9C-4BA7-A827-3094920353A5}.Debug|x86.Build.0 = Debug|Win32
		{E813F6E1-3A9C-4BA7-A827-3094920353A5}.Release|x64.ActiveCfg = Release|x64
		{E813F6E1-3A9C-4BA7-A827-3094920353A5}.Release|x64.Build.0 = Release|x64
		{E813F6E1-3A9C-4BA7-A827-3094920353A5}.Release|x86.ActiveCfg = Release|Win32
		{E813F6E1-3A9C-4BA7-A827-3094920353A5}.Release|x86.Build.0 = Release|Win32
		{10957A2A-159C-4DF7-89A0-27F0DEA389D3}.Debug|x64.ActiveCfg = Debug|x64
		{10957A2A-159C-4DF7-89A0-27F0DEA389D3}.Debug|x64.Build.0 = Debug|x64
		{10957A2A-159C-4DF7-89A0-27F0DEA389D3}.Debug|x86.ActiveCfg = Debug|Win32
		{10957A2A-159C-4DF7-89A0-27F0DEA389D3}.Debug|x86.Build.0 = Debug|Win32
		{10957A2A-159C-4DF7-89A0-27F0DEA389D3}.Release|x64.ActiveCfg = Release|x64
		{10957A2A-159C-4DF7-89A0-27F0DEA389D3}.Release|x64.Build.0 = Release|x64
		{10957A2A-159C-4DF7-89A0-27F0DEA389D3}.Release|x86.ActiveCfg = Release|Win32
		{10957A2A-159C-4DF7-89A0-27F0DEA389D3}.Release|x86.Build.0 = Release|Win32
		{80A2B9F9-6FC9-47E0-B058-1B2E0147F52D}.Debug|x64.ActiveCfg = Debug|x64
		{80A2B9F9-6FC9-47E0-B058-1B2E0147F52D}.Debug|x64.Build.0 = Debug|x64
		{80A2B9F9-6FC9-47E0-B058-1B2E0147F52D}.Debug|x86.ActiveCfg = Debug|Win32
		{80A2B9F9-6FC9-47E0-B058-1B2E0147F52D}.Debug|x86.Build.0 = Debug|Win32
		{80A2B9F9-6FC9-47E0-B058-1B2E0147F52D}.Release|x64.ActiveCfg = Release|x64
		{80A2B9F9-6FC9-47E0-B058-1B2E0147F52D}.Release|x64.Build.0 = Release|x64
		{80A2B9F9-6FC9-47E0-B058-1B2E0147F52D}.Release|x86.ActiveCfg = Release|Win32
		{80A2B9F9-6FC9-47E0-B058-1B2E0147F52D}.Release|x86.Build.0 = Release|Win32
		{62011618-5A60-4AD9-B88A-C59F4667107C}.Debug|x64.ActiveCfg = Debug|x64
		{62011618-5A60-4AD9-B88A-C59F4667107C}.Debug|x64.Build.0 = Debug|x64
		{62011618-5A60-4AD9-B88A-C59F4667107C}.Debug|x86.ActiveCfg = Debug|Win32
		{62011618-5A60-4AD9-B88A-C59F4667107C}.Debug|x86.Build.0 = Debug|Win32
		{62011618-5A60-4AD9-B88A-C59F4667107C}.Release|x64.ActiveCfg = Release|x64
		{62011618-5A60-4AD9-B88A-C59F4667107C}.Release|x64.Build.0 = Release|x64
		{62011618-5A60-4AD9-B88A-C59F4667107C}.Release|x86.ActiveCfg = Release|Win32
		{62011618-5A60-4AD9-B88A-C59F4667107C}.Release|x86.Build.0 = Release|Win32
		{2F3E4668-EE1D-4421-A85B-C66427C52FFF}.Debug|x64.ActiveCfg = Debug|x64
		{2F3E4668-EE1D-4421-A85B-C66427C52FFF}.Debug|x64.Build.0 = Debug|x64
		{2F3E4668-EE1D-4421-A85B-C66427C52FFF}.Debug|x86.ActiveCfg = Debug|Win32
		{2F3E4668-EE1D-4421-A85B-C66427C52FFF}.Debug|x86.Build.0 = Debug|Win32
		{2F3E4668-EE1D-4421-A85B-C66427C52FFF}.Release|x64.ActiveCfg = Release|x64
		{2F3E4668-EE1D-4421-A85B-C66427C52FFF}.Release|x64.Build.0 = Release|x64
		{2F3E4668-EE1D-4421-A85B-C66427C52FFF}.Release|x86.ActiveCfg = Release|Win32
		{2F3E4668-EE1D-4421-A85B-C66427C52FFF}.Release|x86.Build.0 = Release|Win32
		{E15151EC-445F-477E-BCF8-B65C1985018B}.Debug|x64.ActiveCfg = Debug|x64
		{E15151EC-445F-477E-BCF8-B65C1985018B}.Debug|x64.Build.0 = Debug|x64
		{E15151EC-445F-477E-BCF8-B65C1985018B}.Debug|x86.ActiveCfg = Debug|Win32
		{E15151EC-445F-477E-BCF8-B65C1985018B}.Debug|x86.Build.0 = Debug|Win32
		{E15151EC-445F-477E-BCF8-B65C1985018B}.Release|x64.ActiveCfg = Release|x64
		{E15151EC-445F-477E-BCF8-B65C1985018B}.Release|x64.Build.0 = Release|x64
		{E15151EC-445F-477E-BCF8-B65C1985018B}.Release|x86.ActiveCfg = Release|Win32
		{E15151EC-445F-477E-BCF8-B65C1985018B}.Release|x86.Build.0 = Release|Win32
		{BD5D6171-CE45-4EB6-AC3F-41BC6B4D0D5D}.Debug|x64.ActiveCfg = Debug|x64
		{BD5D6171-CE45-4EB6-AC3F-41BC6B4D0D5D}.Debug|x64.Build.0 = Debug|x64
		{BD5D6171-CE45-4EB6-AC3F-41BC6B4D0D5D}.Debug|x86.ActiveCfg = Debug|Win32
		{BD5D6171-CE45-4EB6-AC3F-41BC6B4D0D5D}.Debug|x86.Build.0 = Debug|Win32
		{BD5D6171-CE45-4EB6-AC3F-41BC6B4D0D5D}.Release|x64.ActiveCfg = Release|x64
		{BD5D6171-CE45-4EB6-AC3F-41BC6B4D0D5D}.Release|x64.Build.0 = Release|x64
		{BD5D6171-CE45-4EB6-AC3F-41BC6B4D0D5D}.Release|x86.ActiveCfg = Release|Win32
		{BD5D6171-CE45-4EB6-AC3F-41BC6B4D0D5D}.Release|x86.Build.0 = Release|Win32
		{69CB7F97-7A5C-4CFA-9AE6-90AF5218704B}.Debug|x64.ActiveCfg = Debug|x64
		{69CB7F97-7A5C-4CFA-9AE6-90AF5218704B}.Debug|x64.Build.0 = Debug|x64
		{69CB7F97-7A5C-4CFA-9AE6-90AF5218704B}.Debug|x86.ActiveCfg = Debug|Win32
		{69CB7F97-7A5C-4CFA-9AE6-90AF5218704B}.Debug|x86.Build.0 = Debug|Win32
		{69CB7F97-7A5C-4CFA-9AE6-90AF5218704B}.Release|x64.ActiveCfg = Release|x64
		{69CB7F97-7A5C-4CFA-9AE6-90AF5218704B}.Release|x64.Build.0 = Release|x64
		{69CB7F97-7A5C-4CFA-9AE6-90AF5218704B}.Release|x86.ActiveCfg = Release|Win32
		{69CB7F97-7A5C-4CFA-9AE6-90AF5218704B}.Release|x86.Build.0 = Release|Win32
		{66D61F15-C15A-423C-A6EB-E933B7297F2A}.Debug|x64.ActiveCfg = Debug|x64
		{66D61F15-C15A-423C-A6EB-E933B7297F2A}.Debug|x64.Build.0 = Debug|x64
		{66D61F15-C15A-423C-A6EB-E933B7297F2A}.Debug|x86.ActiveCfg = Debug|Win32
		{66D61F15-C15A-423C-A6EB-E933B7297F2A}.Debug|x86.Build.0 = Debug|Win32
		{66D61F15-C15A-423C-A6EB-E933B7297F2A}.Release|x64.ActiveCfg = Release|x64
		{66D61F15-C15A-423C-A6EB-E933B7297F2A}.Release|x64.Build.0 = Release|x64
		{66D61F15-C15A-423C-A6EB-E933B7297F2A}.Release|x86.ActiveCfg = Release|Win32
		{66D61F15-C15A-423C-A6EB-E933B7297F2A}.Release|x86.Build.0 = Release|Win32
		{86FDAB7A-3D84-4A5A-BEB9-DE8AC9639F6D}.Debug|x64.ActiveCfg = Debug|x64
		{86FDAB7A-3D84-4A5A-BEB9-DE8AC9639F6D}.Debug|x64.Build.0 = Debug|x64
		{86FDAB7A-3D84-4A5A-BEB9-DE8AC9639F6D}.Debug|x86.ActiveCfg = Debug|Win32
		{86FDAB7A-3D84-4A5A-BEB9-DE8AC9639F6D}.Debug|x86.Build.0 = Debug|Win32
		{86FDAB7A-3D84-4A5A-BEB9-DE8AC9639F6D}.Release|x64.ActiveCfg = Release|x64
		{86FDAB7A-3D84-4A5A-BEB9-DE8AC9639F6D}.Release|x64.Build.0 = Release|x64
		{86FDAB7A-3D84-4A5A-BEB9-DE8AC9639F6D}.Release|x86.ActiveCfg = Release|Win32
		{86FDAB7A-3D84-4A5A-BEB9-DE8AC9639F6D}.Release|x86.Build.0 = Release|Win32
		{564D8E90-DD22-4DAA-B3CE-B87DA34AD126}.Debug|x64.ActiveCfg = Debug|x64
		{564D8E90-DD22-4DAA-B3CE-B87DA34AD126}.Debug|x64.Build.0 = Debug|x64
		{564D8E90-DD22-4DAA-B3CE-B87DA34AD126}.Debug|x86.ActiveCfg = Debug|Win32
		{564D8E90-DD22-4DAA-B3CE-B87DA34AD126}.Debug|x86.Build.0 = Debug|Win32
		{564D8E90-DD22-4DAA-B3CE-B87DA34AD126}.Release|x64.ActiveCfg = Release|x64
		{564D8E90-DD22-4DAA-B3CE-B87DA34AD126}.Release|x64.Build.0 = Release|x64
		{564D8E90-DD22-4DAA-B3CE-B87DA34AD126}.Release|x86.ActiveCfg = Release|Win32
		{564D8E90-DD22-4DAA-B3CE-B87DA34AD126}.Release|x86.Build.0 = Release|Win32
		{55EE52C8-3B28-4F6E-A824-0C86F3529C23}.Debug|x64.ActiveCfg = Debug|x64
		{55EE52C8-3B28-4F6E-A824-0C86F3529C23}.Debug|x64.Build.0 = Debug|x64
		{55EE52C8-3B28-4F6E-A824-0C86F3529C23}.Debug|x86.ActiveCfg = Debug|Win32
		{55EE52C8-3B28-4F6E-A824-0C86F3529C23}.Debug|x86.Build.0 = Debug|Win32
		{55EE52C8-3B28-4F6E-A824-0C86F3529C23}.Release|x64.ActiveCfg = Release|x64
		{55EE52C8-3B28-4F6E-A824-0C86F3529C23}.Release|x64.Build.0 = Release|x64
		{55EE52C8-3B28-4F6E-A824-0C86F3529C23}.Release|x86.ActiveCfg = Release|Win32
		{55EE52C8-3B28-4F6E-A824-0C86F3529C23}.Release|x86.Build.0 = Release|Win32
	EndGlobalSection
	GlobalSection(SolutionProperties) = preSolution
		HideSolutionNode = FALSE
	EndGlobalSection
EndGlobal
